
Microsoft Visual Studio Solution File, Format Version 12.00
# Visual Studio Version 17
VisualStudioVersion = 17.10.35122.118
MinimumVisualStudioVersion = 10.0.40219.1
Project("{FAE04EC0-301F-11D3-BF4B-00C04F79EFBC}") = "tkacheva-lr6", "tkacheva-lr6.csproj", "{791AE936-A990-442E-8E13-7E31F953DE97}"
EndProject
Global
	GlobalSection(SolutionConfigurationPlatforms) = preSolution
		Debug|Any CPU = Debug|Any CPU
		Release|Any CPU = Release|Any CPU
	EndGlobalSection
	GlobalSection(ProjectConfigurationPlatforms) = postSolution
		{791AE936-A990-442E-8E13-7E31F953DE97}.Debug|Any CPU.ActiveCfg = Debug|Any CPU
		{791AE936-A990-442E-8E13-7E31F953DE97}.Debug|Any CPU.Build.0 = Debug|Any CPU
		{791AE936-A990-442E-8E13-7E31F953DE97}.Release|Any CPU.ActiveCfg = Release|Any CPU
		{791AE936-A990-442E-8E13-7E31F953DE97}.Release|Any CPU.Build.0 = Release|Any CPU
	EndGlobalSection
	GlobalSection(SolutionProperties) = preSolution
		HideSolutionNode = FALSE
	EndGlobalSection
	GlobalSection(ExtensibilityGlobals) = postSolution
		SolutionGuid = {DDBDFFF2-CF2F-43AD-BD9C-4553FA650534}
	EndGlobalSection
EndGlobal
